
Microsoft Visual Studio Solution File, Format Version 12.00
# Visual Studio 15
VisualStudioVersion = 15.0.28307.572
MinimumVisualStudioVersion = 10.0.40219.1
Project("{FAE04EC0-301F-11D3-BF4B-00C04F79EFBC}") = "Sixeyed.Extensions.Advanced.Tests", "Sixeyed.Extensions.Advanced.Tests\Sixeyed.Extensions.Advanced.Tests.csproj", "{BF586D9E-5658-4264-875B-465644188CCE}"
EndProject
Project("{FAE04EC0-301F-11D3-BF4B-00C04F79EFBC}") = "Sixeyed.Extensions.Advanced", "Sixeyed.Extensions.Advanced1\Sixeyed.Extensions.Advanced.csproj", "{016E4583-FDF6-403C-8100-A1DE964AE63D}"
EndProject
Global
	GlobalSection(SolutionConfigurationPlatforms) = preSolution
		Debug|Any CPU = Debug|Any CPU
		Release|Any CPU = Release|Any CPU
	EndGlobalSection
	GlobalSection(ProjectConfigurationPlatforms) = postSolution
		{BF586D9E-5658-4264-875B-465644188CCE}.Debug|Any CPU.ActiveCfg = Debug|Any CPU
		{BF586D9E-5658-4264-875B-465644188CCE}.Debug|Any CPU.Build.0 = Debug|Any CPU
		{BF586D9E-5658-4264-875B-465644188CCE}.Release|Any CPU.ActiveCfg = Release|Any CPU
		{BF586D9E-5658-4264-875B-465644188CCE}.Release|Any CPU.Build.0 = Release|Any CPU
		{016E4583-FDF6-403C-8100-A1DE964AE63D}.Debug|Any CPU.ActiveCfg = Debug|Any CPU
		{016E4583-FDF6-403C-8100-A1DE964AE63D}.Debug|Any CPU.Build.0 = Debug|Any CPU
		{016E4583-FDF6-403C-8100-A1DE964AE63D}.Release|Any CPU.ActiveCfg = Release|Any CPU
		{016E4583-FDF6-403C-8100-A1DE964AE63D}.Release|Any CPU.Build.0 = Release|Any CPU
	EndGlobalSection
	GlobalSection(SolutionProperties) = preSolution
		HideSolutionNode = FALSE
	EndGlobalSection
	GlobalSection(ExtensibilityGlobals) = postSolution
		SolutionGuid = {965D36D8-53B1-44DD-9422-7CEE84BCD009}
	EndGlobalSection
EndGlobal
